
Microsoft Visual Studio Solution File, Format Version 12.00
# Visual Studio Version 17
VisualStudioVersion = 17.7.34009.444
MinimumVisualStudioVersion = 10.0.40219.1
Project("{FAE04EC0-301F-11D3-BF4B-00C04F79EFBC}") = "PruebaProyecto", "PruebaProyecto\PruebaProyecto.csproj", "{6710B752-B219-4344-A6FF-0791D490F060}"
EndProject
Project("{FAE04EC0-301F-11D3-BF4B-00C04F79EFBC}") = "Dominio", "Dominio\Dominio.csproj", "{EB142447-A0D8-4C88-A63A-D7B52922B5D3}"
EndProject
Project("{FAE04EC0-301F-11D3-BF4B-00C04F79EFBC}") = "Negocio", "Negocio\Negocio.csproj", "{4FA207BC-8E92-4EDF-A85E-4F7C768F8C88}"
EndProject
Global
	GlobalSection(SolutionConfigurationPlatforms) = preSolution
		Debug|Any CPU = Debug|Any CPU
		Release|Any CPU = Release|Any CPU
	EndGlobalSection
	GlobalSection(ProjectConfigurationPlatforms) = postSolution
		{6710B752-B219-4344-A6FF-0791D490F060}.Debug|Any CPU.ActiveCfg = Debug|Any CPU
		{6710B752-B219-4344-A6FF-0791D490F060}.Debug|Any CPU.Build.0 = Debug|Any CPU
		{6710B752-B219-4344-A6FF-0791D490F060}.Release|Any CPU.ActiveCfg = Release|Any CPU
		{6710B752-B219-4344-A6FF-0791D490F060}.Release|Any CPU.Build.0 = Release|Any CPU
		{EB142447-A0D8-4C88-A63A-D7B52922B5D3}.Debug|Any CPU.ActiveCfg = Debug|Any CPU
		{EB142447-A0D8-4C88-A63A-D7B52922B5D3}.Debug|Any CPU.Build.0 = Debug|Any CPU
		{EB142447-A0D8-4C88-A63A-D7B52922B5D3}.Release|Any CPU.ActiveCfg = Release|Any CPU
		{EB142447-A0D8-4C88-A63A-D7B52922B5D3}.Release|Any CPU.Build.0 = Release|Any CPU
		{4FA207BC-8E92-4EDF-A85E-4F7C768F8C88}.Debug|Any CPU.ActiveCfg = Debug|Any CPU
		{4FA207BC-8E92-4EDF-A85E-4F7C768F8C88}.Debug|Any CPU.Build.0 = Debug|Any CPU
		{4FA207BC-8E92-4EDF-A85E-4F7C768F8C88}.Release|Any CPU.ActiveCfg = Release|Any CPU
		{4FA207BC-8E92-4EDF-A85E-4F7C768F8C88}.Release|Any CPU.Build.0 = Release|Any CPU
	EndGlobalSection
	GlobalSection(SolutionProperties) = preSolution
		HideSolutionNode = FALSE
	EndGlobalSection
	GlobalSection(ExtensibilityGlobals) = postSolution
		SolutionGuid = {39F00D42-7E9A-47DC-A50C-783FE0A84FB7}
	EndGlobalSection
EndGlobal
